// !$*UTF8*$!
{
	archiveVersion = 1;
	classes = {
	};
	objectVersion = 56;
	objects = {

/* Begin PBXBuildFile section */
		491A0FBE2C5EEF6F00663570 /* ADDemoApp.swift in Sources */ = {isa = PBXBuildFile; fileRef = 491A0FBD2C5EEF6F00663570 /* ADDemoApp.swift */; };
		491A0FC22C5EEF7100663570 /* Assets.xcassets in Resources */ = {isa = PBXBuildFile; fileRef = 491A0FC12C5EEF7100663570 /* Assets.xcassets */; };
		491A0FC52C5EEF7100663570 /* Preview Assets.xcassets in Resources */ = {isa = PBXBuildFile; fileRef = 491A0FC42C5EEF7100663570 /* Preview Assets.xcassets */; };
		491A0FCF2C5EEF7100663570 /* ADDemoTests.swift in Sources */ = {isa = PBXBuildFile; fileRef = 491A0FCE2C5EEF7100663570 /* ADDemoTests.swift */; };
		491A0FD92C5EEF7100663570 /* ADDemoUITests.swift in Sources */ = {isa = PBXBuildFile; fileRef = 491A0FD82C5EEF7100663570 /* ADDemoUITests.swift */; };
		491A0FDB2C5EEF7100663570 /* ADDemoUITestsLaunchTests.swift in Sources */ = {isa = PBXBuildFile; fileRef = 491A0FDA2C5EEF7100663570 /* ADDemoUITestsLaunchTests.swift */; };
		491A0FEF2C5EF36300663570 /* LaunchScreen.storyboard in Resources */ = {isa = PBXBuildFile; fileRef = 491A0FEE2C5EF36300663570 /* LaunchScreen.storyboard */; };
		491A0FF22C5EF75300663570 /* Article.swift in Sources */ = {isa = PBXBuildFile; fileRef = 491A0FF12C5EF75300663570 /* Article.swift */; };
		491A0FF52C5EF82A00663570 /* ArticleRepository.swift in Sources */ = {isa = PBXBuildFile; fileRef = 491A0FF42C5EF82A00663570 /* ArticleRepository.swift */; };
		491A0FF82C5EFA4400663570 /* GetArticlesUseCase.swift in Sources */ = {isa = PBXBuildFile; fileRef = 491A0FF72C5EFA4400663570 /* GetArticlesUseCase.swift */; };
		491A0FFB2C5EFE0000663570 /* UrlConstant.swift in Sources */ = {isa = PBXBuildFile; fileRef = 491A0FFA2C5EFE0000663570 /* UrlConstant.swift */; };
		491A0FFD2C5EFF6600663570 /* APIEndpoint.swift in Sources */ = {isa = PBXBuildFile; fileRef = 491A0FFC2C5EFF6600663570 /* APIEndpoint.swift */; };
		491A0FFF2C5EFFF200663570 /* Client.swift in Sources */ = {isa = PBXBuildFile; fileRef = 491A0FFE2C5EFFF200663570 /* Client.swift */; };
		491A10012C5F01EE00663570 /* HTTPStatusCode.swift in Sources */ = {isa = PBXBuildFile; fileRef = 491A10002C5F01EE00663570 /* HTTPStatusCode.swift */; };
		491A10042C5F075400663570 /* ArticleResponse.swift in Sources */ = {isa = PBXBuildFile; fileRef = 491A10032C5F075400663570 /* ArticleResponse.swift */; };
		491A10072C5F09CD00663570 /* DefaultArticleRepository.swift in Sources */ = {isa = PBXBuildFile; fileRef = 491A10062C5F09CD00663570 /* DefaultArticleRepository.swift */; };
		491A10092C5F09F700663570 /* BaseRepository.swift in Sources */ = {isa = PBXBuildFile; fileRef = 491A10082C5F09F700663570 /* BaseRepository.swift */; };
		491A100C2C5F0C5C00663570 /* ArticleResponse+Mapping.swift in Sources */ = {isa = PBXBuildFile; fileRef = 491A100B2C5F0C5C00663570 /* ArticleResponse+Mapping.swift */; };
		491A100F2C5F1D3400663570 /* Article+Extesion.swift in Sources */ = {isa = PBXBuildFile; fileRef = 491A100E2C5F1D3400663570 /* Article+Extesion.swift */; };
		491A10132C5F3BEA00663570 /* ArticlesListView.swift in Sources */ = {isa = PBXBuildFile; fileRef = 491A10122C5F3BEA00663570 /* ArticlesListView.swift */; };
		491A10152C5F3BFD00663570 /* ArticlesViewModel.swift in Sources */ = {isa = PBXBuildFile; fileRef = 491A10142C5F3BFD00663570 /* ArticlesViewModel.swift */; };
		491A10192C5F483B00663570 /* NetworkMonitor.swift in Sources */ = {isa = PBXBuildFile; fileRef = 491A10182C5F483B00663570 /* NetworkMonitor.swift */; };
		491A101B2C5F4A5B00663570 /* ArticlesDependenciesFactory.swift in Sources */ = {isa = PBXBuildFile; fileRef = 491A101A2C5F4A5B00663570 /* ArticlesDependenciesFactory.swift */; };
		491A101D2C5F4A8700663570 /* ArticlesDependenciesDummyFactory.swift in Sources */ = {isa = PBXBuildFile; fileRef = 491A101C2C5F4A8700663570 /* ArticlesDependenciesDummyFactory.swift */; };
		491A10212C5F50BD00663570 /* ADDemo.xcdatamodeld in Sources */ = {isa = PBXBuildFile; fileRef = 491A101F2C5F50BD00663570 /* ADDemo.xcdatamodeld */; };
		494B01202C6076D300CAAECB /* Date+Extension.swift in Sources */ = {isa = PBXBuildFile; fileRef = 494B011F2C6076D300CAAECB /* Date+Extension.swift */; };
		494B01222C6082FF00CAAECB /* SaveDeletedArticleIdUseCase.swift in Sources */ = {isa = PBXBuildFile; fileRef = 494B01212C6082FF00CAAECB /* SaveDeletedArticleIdUseCase.swift */; };
		494B01252C608C1100CAAECB /* ArticleFilter.swift in Sources */ = {isa = PBXBuildFile; fileRef = 494B01242C608C1100CAAECB /* ArticleFilter.swift */; };
		49BD3F982C5FD65A0056D300 /* PersistenceController.swift in Sources */ = {isa = PBXBuildFile; fileRef = 49BD3F972C5FD65A0056D300 /* PersistenceController.swift */; };
		49BD3FA32C5FDEFB0056D300 /* ArticleLocalEntity+CoreDataClass.swift in Sources */ = {isa = PBXBuildFile; fileRef = 49BD3F9F2C5FDEFB0056D300 /* ArticleLocalEntity+CoreDataClass.swift */; };
		49BD3FA42C5FDEFB0056D300 /* ArticleLocalEntity+CoreDataProperties.swift in Sources */ = {isa = PBXBuildFile; fileRef = 49BD3FA02C5FDEFB0056D300 /* ArticleLocalEntity+CoreDataProperties.swift */; };
		49BD3FA52C5FDEFB0056D300 /* DeleteArticleIDLocalEntity+CoreDataClass.swift in Sources */ = {isa = PBXBuildFile; fileRef = 49BD3FA12C5FDEFB0056D300 /* DeleteArticleIDLocalEntity+CoreDataClass.swift */; };
		49BD3FA62C5FDEFB0056D300 /* DeleteArticleIDLocalEntity+CoreDataProperties.swift in Sources */ = {isa = PBXBuildFile; fileRef = 49BD3FA22C5FDEFB0056D300 /* DeleteArticleIDLocalEntity+CoreDataProperties.swift */; };
		49BD3FA82C5FE4E00056D300 /* LocalArticleRepository.swift in Sources */ = {isa = PBXBuildFile; fileRef = 49BD3FA72C5FE4E00056D300 /* LocalArticleRepository.swift */; };
		49BD3FAA2C5FE5AB0056D300 /* DefaultLocalArticleRepository.swift in Sources */ = {isa = PBXBuildFile; fileRef = 49BD3FA92C5FE5AB0056D300 /* DefaultLocalArticleRepository.swift */; };
		49BD3FAC2C5FEEBE0056D300 /* ArticleLocalEntity+Mapping.swift in Sources */ = {isa = PBXBuildFile; fileRef = 49BD3FAB2C5FEEBE0056D300 /* ArticleLocalEntity+Mapping.swift */; };
		49BD3FAE2C5FF0370056D300 /* GetLocalArticlesUseCase.swift in Sources */ = {isa = PBXBuildFile; fileRef = 49BD3FAD2C5FF0370056D300 /* GetLocalArticlesUseCase.swift */; };
		49BD3FB02C5FFEBF0056D300 /* SaveLocalArticlesUseCase.swift in Sources */ = {isa = PBXBuildFile; fileRef = 49BD3FAF2C5FFEBF0056D300 /* SaveLocalArticlesUseCase.swift */; };
		49BD3FB32C60383C0056D300 /* WebView.swift in Sources */ = {isa = PBXBuildFile; fileRef = 49BD3FB22C60383C0056D300 /* WebView.swift */; };
/* End PBXBuildFile section */

/* Begin PBXContainerItemProxy section */
		491A0FCB2C5EEF7100663570 /* PBXContainerItemProxy */ = {
			isa = PBXContainerItemProxy;
			containerPortal = 491A0FB22C5EEF6F00663570 /* Project object */;
			proxyType = 1;
			remoteGlobalIDString = 491A0FB92C5EEF6F00663570;
			remoteInfo = ADDemo;
		};
		491A0FD52C5EEF7100663570 /* PBXContainerItemProxy */ = {
			isa = PBXContainerItemProxy;
			containerPortal = 491A0FB22C5EEF6F00663570 /* Project object */;
			proxyType = 1;
			remoteGlobalIDString = 491A0FB92C5EEF6F00663570;
			remoteInfo = ADDemo;
		};
/* End PBXContainerItemProxy section */

/* Begin PBXFileReference section */
		491A0FBA2C5EEF6F00663570 /* ADDemo.app */ = {isa = PBXFileReference; explicitFileType = wrapper.application; includeInIndex = 0; path = ADDemo.app; sourceTree = BUILT_PRODUCTS_DIR; };
		491A0FBD2C5EEF6F00663570 /* ADDemoApp.swift */ = {isa = PBXFileReference; lastKnownFileType = sourcecode.swift; path = ADDemoApp.swift; sourceTree = "<group>"; };
		491A0FC12C5EEF7100663570 /* Assets.xcassets */ = {isa = PBXFileReference; lastKnownFileType = folder.assetcatalog; path = Assets.xcassets; sourceTree = "<group>"; };
		491A0FC42C5EEF7100663570 /* Preview Assets.xcassets */ = {isa = PBXFileReference; lastKnownFileType = folder.assetcatalog; path = "Preview Assets.xcassets"; sourceTree = "<group>"; };
		491A0FCA2C5EEF7100663570 /* ADDemoTests.xctest */ = {isa = PBXFileReference; explicitFileType = wrapper.cfbundle; includeInIndex = 0; path = ADDemoTests.xctest; sourceTree = BUILT_PRODUCTS_DIR; };
		491A0FCE2C5EEF7100663570 /* ADDemoTests.swift */ = {isa = PBXFileReference; lastKnownFileType = sourcecode.swift; path = ADDemoTests.swift; sourceTree = "<group>"; };
		491A0FD42C5EEF7100663570 /* ADDemoUITests.xctest */ = {isa = PBXFileReference; explicitFileType = wrapper.cfbundle; includeInIndex = 0; path = ADDemoUITests.xctest; sourceTree = BUILT_PRODUCTS_DIR; };
		491A0FD82C5EEF7100663570 /* ADDemoUITests.swift */ = {isa = PBXFileReference; lastKnownFileType = sourcecode.swift; path = ADDemoUITests.swift; sourceTree = "<group>"; };
		491A0FDA2C5EEF7100663570 /* ADDemoUITestsLaunchTests.swift */ = {isa = PBXFileReference; lastKnownFileType = sourcecode.swift; path = ADDemoUITestsLaunchTests.swift; sourceTree = "<group>"; };
		491A0FEE2C5EF36300663570 /* LaunchScreen.storyboard */ = {isa = PBXFileReference; lastKnownFileType = file.storyboard; path = LaunchScreen.storyboard; sourceTree = "<group>"; };
		491A0FF12C5EF75300663570 /* Article.swift */ = {isa = PBXFileReference; lastKnownFileType = sourcecode.swift; path = Article.swift; sourceTree = "<group>"; };
		491A0FF42C5EF82A00663570 /* ArticleRepository.swift */ = {isa = PBXFileReference; lastKnownFileType = sourcecode.swift; path = ArticleRepository.swift; sourceTree = "<group>"; };
		491A0FF72C5EFA4400663570 /* GetArticlesUseCase.swift */ = {isa = PBXFileReference; lastKnownFileType = sourcecode.swift; path = GetArticlesUseCase.swift; sourceTree = "<group>"; };
		491A0FFA2C5EFE0000663570 /* UrlConstant.swift */ = {isa = PBXFileReference; lastKnownFileType = sourcecode.swift; path = UrlConstant.swift; sourceTree = "<group>"; };
		491A0FFC2C5EFF6600663570 /* APIEndpoint.swift */ = {isa = PBXFileReference; lastKnownFileType = sourcecode.swift; path = APIEndpoint.swift; sourceTree = "<group>"; };
		491A0FFE2C5EFFF200663570 /* Client.swift */ = {isa = PBXFileReference; lastKnownFileType = sourcecode.swift; path = Client.swift; sourceTree = "<group>"; };
		491A10002C5F01EE00663570 /* HTTPStatusCode.swift */ = {isa = PBXFileReference; lastKnownFileType = sourcecode.swift; path = HTTPStatusCode.swift; sourceTree = "<group>"; };
		491A10032C5F075400663570 /* ArticleResponse.swift */ = {isa = PBXFileReference; lastKnownFileType = sourcecode.swift; path = ArticleResponse.swift; sourceTree = "<group>"; };
		491A10062C5F09CD00663570 /* DefaultArticleRepository.swift */ = {isa = PBXFileReference; lastKnownFileType = sourcecode.swift; path = DefaultArticleRepository.swift; sourceTree = "<group>"; };
		491A10082C5F09F700663570 /* BaseRepository.swift */ = {isa = PBXFileReference; lastKnownFileType = sourcecode.swift; path = BaseRepository.swift; sourceTree = "<group>"; };
		491A100B2C5F0C5C00663570 /* ArticleResponse+Mapping.swift */ = {isa = PBXFileReference; lastKnownFileType = sourcecode.swift; path = "ArticleResponse+Mapping.swift"; sourceTree = "<group>"; };
		491A100E2C5F1D3400663570 /* Article+Extesion.swift */ = {isa = PBXFileReference; lastKnownFileType = sourcecode.swift; path = "Article+Extesion.swift"; sourceTree = "<group>"; };
		491A10122C5F3BEA00663570 /* ArticlesListView.swift */ = {isa = PBXFileReference; lastKnownFileType = sourcecode.swift; path = ArticlesListView.swift; sourceTree = "<group>"; };
		491A10142C5F3BFD00663570 /* ArticlesViewModel.swift */ = {isa = PBXFileReference; lastKnownFileType = sourcecode.swift; path = ArticlesViewModel.swift; sourceTree = "<group>"; };
		491A10182C5F483B00663570 /* NetworkMonitor.swift */ = {isa = PBXFileReference; lastKnownFileType = sourcecode.swift; path = NetworkMonitor.swift; sourceTree = "<group>"; };
		491A101A2C5F4A5B00663570 /* ArticlesDependenciesFactory.swift */ = {isa = PBXFileReference; lastKnownFileType = sourcecode.swift; path = ArticlesDependenciesFactory.swift; sourceTree = "<group>"; };
		491A101C2C5F4A8700663570 /* ArticlesDependenciesDummyFactory.swift */ = {isa = PBXFileReference; lastKnownFileType = sourcecode.swift; path = ArticlesDependenciesDummyFactory.swift; sourceTree = "<group>"; };
		491A10202C5F50BD00663570 /* ADDemo.xcdatamodel */ = {isa = PBXFileReference; lastKnownFileType = wrapper.xcdatamodel; path = ADDemo.xcdatamodel; sourceTree = "<group>"; };
		494B011F2C6076D300CAAECB /* Date+Extension.swift */ = {isa = PBXFileReference; lastKnownFileType = sourcecode.swift; path = "Date+Extension.swift"; sourceTree = "<group>"; };
		494B01212C6082FF00CAAECB /* SaveDeletedArticleIdUseCase.swift */ = {isa = PBXFileReference; lastKnownFileType = sourcecode.swift; path = SaveDeletedArticleIdUseCase.swift; sourceTree = "<group>"; };
		494B01242C608C1100CAAECB /* ArticleFilter.swift */ = {isa = PBXFileReference; lastKnownFileType = sourcecode.swift; path = ArticleFilter.swift; sourceTree = "<group>"; };
		49BD3F972C5FD65A0056D300 /* PersistenceController.swift */ = {isa = PBXFileReference; lastKnownFileType = sourcecode.swift; path = PersistenceController.swift; sourceTree = "<group>"; };
		49BD3F9F2C5FDEFB0056D300 /* ArticleLocalEntity+CoreDataClass.swift */ = {isa = PBXFileReference; lastKnownFileType = sourcecode.swift; path = "ArticleLocalEntity+CoreDataClass.swift"; sourceTree = "<group>"; };
		49BD3FA02C5FDEFB0056D300 /* ArticleLocalEntity+CoreDataProperties.swift */ = {isa = PBXFileReference; lastKnownFileType = sourcecode.swift; path = "ArticleLocalEntity+CoreDataProperties.swift"; sourceTree = "<group>"; };
		49BD3FA12C5FDEFB0056D300 /* DeleteArticleIDLocalEntity+CoreDataClass.swift */ = {isa = PBXFileReference; lastKnownFileType = sourcecode.swift; path = "DeleteArticleIDLocalEntity+CoreDataClass.swift"; sourceTree = "<group>"; };
		49BD3FA22C5FDEFB0056D300 /* DeleteArticleIDLocalEntity+CoreDataProperties.swift */ = {isa = PBXFileReference; lastKnownFileType = sourcecode.swift; path = "DeleteArticleIDLocalEntity+CoreDataProperties.swift"; sourceTree = "<group>"; };
		49BD3FA72C5FE4E00056D300 /* LocalArticleRepository.swift */ = {isa = PBXFileReference; lastKnownFileType = sourcecode.swift; path = LocalArticleRepository.swift; sourceTree = "<group>"; };
		49BD3FA92C5FE5AB0056D300 /* DefaultLocalArticleRepository.swift */ = {isa = PBXFileReference; lastKnownFileType = sourcecode.swift; path = DefaultLocalArticleRepository.swift; sourceTree = "<group>"; };
		49BD3FAB2C5FEEBE0056D300 /* ArticleLocalEntity+Mapping.swift */ = {isa = PBXFileReference; lastKnownFileType = sourcecode.swift; path = "ArticleLocalEntity+Mapping.swift"; sourceTree = "<group>"; };
		49BD3FAD2C5FF0370056D300 /* GetLocalArticlesUseCase.swift */ = {isa = PBXFileReference; lastKnownFileType = sourcecode.swift; path = GetLocalArticlesUseCase.swift; sourceTree = "<group>"; };
		49BD3FAF2C5FFEBF0056D300 /* SaveLocalArticlesUseCase.swift */ = {isa = PBXFileReference; lastKnownFileType = sourcecode.swift; path = SaveLocalArticlesUseCase.swift; sourceTree = "<group>"; };
		49BD3FB22C60383C0056D300 /* WebView.swift */ = {isa = PBXFileReference; lastKnownFileType = sourcecode.swift; path = WebView.swift; sourceTree = "<group>"; };
/* End PBXFileReference section */

/* Begin PBXFrameworksBuildPhase section */
		491A0FB72C5EEF6F00663570 /* Frameworks */ = {
			isa = PBXFrameworksBuildPhase;
			buildActionMask = 2147483647;
			files = (
			);
			runOnlyForDeploymentPostprocessing = 0;
		};
		491A0FC72C5EEF7100663570 /* Frameworks */ = {
			isa = PBXFrameworksBuildPhase;
			buildActionMask = 2147483647;
			files = (
			);
			runOnlyForDeploymentPostprocessing = 0;
		};
		491A0FD12C5EEF7100663570 /* Frameworks */ = {
			isa = PBXFrameworksBuildPhase;
			buildActionMask = 2147483647;
			files = (
			);
			runOnlyForDeploymentPostprocessing = 0;
		};
/* End PBXFrameworksBuildPhase section */

/* Begin PBXGroup section */
		491A0FB12C5EEF6F00663570 = {
			isa = PBXGroup;
			children = (
				491A0FBC2C5EEF6F00663570 /* ADDemo */,
				491A0FCD2C5EEF7100663570 /* ADDemoTests */,
				491A0FD72C5EEF7100663570 /* ADDemoUITests */,
				491A0FBB2C5EEF6F00663570 /* Products */,
			);
			sourceTree = "<group>";
		};
		491A0FBB2C5EEF6F00663570 /* Products */ = {
			isa = PBXGroup;
			children = (
				491A0FBA2C5EEF6F00663570 /* ADDemo.app */,
				491A0FCA2C5EEF7100663570 /* ADDemoTests.xctest */,
				491A0FD42C5EEF7100663570 /* ADDemoUITests.xctest */,
			);
			name = Products;
			sourceTree = "<group>";
		};
		491A0FBC2C5EEF6F00663570 /* ADDemo */ = {
			isa = PBXGroup;
			children = (
				491A0FED2C5EF1E900663570 /* Application */,
				491A0FEC2C5EF18900663570 /* Presentation */,
				491A0FEB2C5EF18000663570 /* Domain */,
				491A0FEA2C5EF17A00663570 /* Data */,
				491A0FE92C5EF16E00663570 /* Resources */,
				491A0FC32C5EEF7100663570 /* Preview Content */,
			);
			path = ADDemo;
			sourceTree = "<group>";
		};
		491A0FC32C5EEF7100663570 /* Preview Content */ = {
			isa = PBXGroup;
			children = (
				491A0FC42C5EEF7100663570 /* Preview Assets.xcassets */,
			);
			path = "Preview Content";
			sourceTree = "<group>";
		};
		491A0FCD2C5EEF7100663570 /* ADDemoTests */ = {
			isa = PBXGroup;
			children = (
				491A0FCE2C5EEF7100663570 /* ADDemoTests.swift */,
			);
			path = ADDemoTests;
			sourceTree = "<group>";
		};
		491A0FD72C5EEF7100663570 /* ADDemoUITests */ = {
			isa = PBXGroup;
			children = (
				491A0FD82C5EEF7100663570 /* ADDemoUITests.swift */,
				491A0FDA2C5EEF7100663570 /* ADDemoUITestsLaunchTests.swift */,
			);
			path = ADDemoUITests;
			sourceTree = "<group>";
		};
		491A0FE92C5EF16E00663570 /* Resources */ = {
			isa = PBXGroup;
			children = (
				491A0FC12C5EEF7100663570 /* Assets.xcassets */,
				491A0FEE2C5EF36300663570 /* LaunchScreen.storyboard */,
			);
			path = Resources;
			sourceTree = "<group>";
		};
		491A0FEA2C5EF17A00663570 /* Data */ = {
			isa = PBXGroup;
			children = (
				491A101E2C5F4FF300663570 /* PersistentStorage */,
				491A100A2C5F0C0800663570 /* DataMapping */,
				491A10052C5F09AF00663570 /* Repositories */,
				491A10022C5F063200663570 /* Models */,
				491A0FF92C5EFD5A00663570 /* ApiClient */,
			);
			path = Data;
			sourceTree = "<group>";
		};
		491A0FEB2C5EF18000663570 /* Domain */ = {
			isa = PBXGroup;
			children = (
				494B01232C608BF000CAAECB /* Util */,
				491A0FF62C5EF8F200663570 /* UseCases */,
				491A0FF32C5EF7FC00663570 /* Repositories */,
				491A0FF02C5EF6F400663570 /* Entities */,
			);
			path = Domain;
			sourceTree = "<group>";
		};
		491A0FEC2C5EF18900663570 /* Presentation */ = {
			isa = PBXGroup;
			children = (
				49BD3FB12C6036EF0056D300 /* WebView */,
				491A10102C5F3AF800663570 /* ArticlesList */,
				491A100D2C5F1D0400663570 /* Util */,
			);
			path = Presentation;
			sourceTree = "<group>";
		};
		491A0FED2C5EF1E900663570 /* Application */ = {
			isa = PBXGroup;
			children = (
				491A0FBD2C5EEF6F00663570 /* ADDemoApp.swift */,
			);
			path = Application;
			sourceTree = "<group>";
		};
		491A0FF02C5EF6F400663570 /* Entities */ = {
			isa = PBXGroup;
			children = (
				491A0FF12C5EF75300663570 /* Article.swift */,
			);
			path = Entities;
			sourceTree = "<group>";
		};
		491A0FF32C5EF7FC00663570 /* Repositories */ = {
			isa = PBXGroup;
			children = (
				491A0FF42C5EF82A00663570 /* ArticleRepository.swift */,
				49BD3FA72C5FE4E00056D300 /* LocalArticleRepository.swift */,
			);
			path = Repositories;
			sourceTree = "<group>";
		};
		491A0FF62C5EF8F200663570 /* UseCases */ = {
			isa = PBXGroup;
			children = (
				491A0FF72C5EFA4400663570 /* GetArticlesUseCase.swift */,
				49BD3FAD2C5FF0370056D300 /* GetLocalArticlesUseCase.swift */,
				49BD3FAF2C5FFEBF0056D300 /* SaveLocalArticlesUseCase.swift */,
				494B01212C6082FF00CAAECB /* SaveDeletedArticleIdUseCase.swift */,
			);
			path = UseCases;
			sourceTree = "<group>";
		};
		491A0FF92C5EFD5A00663570 /* ApiClient */ = {
			isa = PBXGroup;
			children = (
				491A0FFA2C5EFE0000663570 /* UrlConstant.swift */,
				491A0FFC2C5EFF6600663570 /* APIEndpoint.swift */,
				491A0FFE2C5EFFF200663570 /* Client.swift */,
				491A10002C5F01EE00663570 /* HTTPStatusCode.swift */,
			);
			path = ApiClient;
			sourceTree = "<group>";
		};
		491A10022C5F063200663570 /* Models */ = {
			isa = PBXGroup;
			children = (
				491A10032C5F075400663570 /* ArticleResponse.swift */,
			);
			path = Models;
			sourceTree = "<group>";
		};
		491A10052C5F09AF00663570 /* Repositories */ = {
			isa = PBXGroup;
			children = (
				491A10062C5F09CD00663570 /* DefaultArticleRepository.swift */,
				491A10082C5F09F700663570 /* BaseRepository.swift */,
				49BD3FA92C5FE5AB0056D300 /* DefaultLocalArticleRepository.swift */,
			);
			path = Repositories;
			sourceTree = "<group>";
		};
		491A100A2C5F0C0800663570 /* DataMapping */ = {
			isa = PBXGroup;
			children = (
				491A100B2C5F0C5C00663570 /* ArticleResponse+Mapping.swift */,
				49BD3FAB2C5FEEBE0056D300 /* ArticleLocalEntity+Mapping.swift */,
			);
			path = DataMapping;
			sourceTree = "<group>";
		};
		491A100D2C5F1D0400663570 /* Util */ = {
			isa = PBXGroup;
			children = (
				491A10172C5F482200663570 /* Helpers */,
				491A10162C5F481400663570 /* Extensions */,
			);
			path = Util;
			sourceTree = "<group>";
		};
		491A10102C5F3AF800663570 /* ArticlesList */ = {
			isa = PBXGroup;
			children = (
				491A10122C5F3BEA00663570 /* ArticlesListView.swift */,
				491A10142C5F3BFD00663570 /* ArticlesViewModel.swift */,
			);
			path = ArticlesList;
			sourceTree = "<group>";
		};
		491A10162C5F481400663570 /* Extensions */ = {
			isa = PBXGroup;
			children = (
				491A100E2C5F1D3400663570 /* Article+Extesion.swift */,
				494B011F2C6076D300CAAECB /* Date+Extension.swift */,
			);
			path = Extensions;
			sourceTree = "<group>";
		};
		491A10172C5F482200663570 /* Helpers */ = {
			isa = PBXGroup;
			children = (
				491A10182C5F483B00663570 /* NetworkMonitor.swift */,
				491A101A2C5F4A5B00663570 /* ArticlesDependenciesFactory.swift */,
				491A101C2C5F4A8700663570 /* ArticlesDependenciesDummyFactory.swift */,
			);
			path = Helpers;
			sourceTree = "<group>";
		};
		491A101E2C5F4FF300663570 /* PersistentStorage */ = {
			isa = PBXGroup;
			children = (
				491A101F2C5F50BD00663570 /* ADDemo.xcdatamodeld */,
				49BD3F972C5FD65A0056D300 /* PersistenceController.swift */,
				49BD3F9F2C5FDEFB0056D300 /* ArticleLocalEntity+CoreDataClass.swift */,
				49BD3FA02C5FDEFB0056D300 /* ArticleLocalEntity+CoreDataProperties.swift */,
				49BD3FA12C5FDEFB0056D300 /* DeleteArticleIDLocalEntity+CoreDataClass.swift */,
				49BD3FA22C5FDEFB0056D300 /* DeleteArticleIDLocalEntity+CoreDataProperties.swift */,
			);
			path = PersistentStorage;
			sourceTree = "<group>";
		};
		494B01232C608BF000CAAECB /* Util */ = {
			isa = PBXGroup;
			children = (
				494B01242C608C1100CAAECB /* ArticleFilter.swift */,
			);
			path = Util;
			sourceTree = "<group>";
		};
		49BD3FB12C6036EF0056D300 /* WebView */ = {
			isa = PBXGroup;
			children = (
				49BD3FB22C60383C0056D300 /* WebView.swift */,
			);
			path = WebView;
			sourceTree = "<group>";
		};
/* End PBXGroup section */

/* Begin PBXNativeTarget section */
		491A0FB92C5EEF6F00663570 /* ADDemo */ = {
			isa = PBXNativeTarget;
			buildConfigurationList = 491A0FDE2C5EEF7100663570 /* Build configuration list for PBXNativeTarget "ADDemo" */;
			buildPhases = (
				491A0FB62C5EEF6F00663570 /* Sources */,
				491A0FB72C5EEF6F00663570 /* Frameworks */,
				491A0FB82C5EEF6F00663570 /* Resources */,
			);
			buildRules = (
			);
			dependencies = (
			);
			name = ADDemo;
			productName = ADDemo;
			productReference = 491A0FBA2C5EEF6F00663570 /* ADDemo.app */;
			productType = "com.apple.product-type.application";
		};
		491A0FC92C5EEF7100663570 /* ADDemoTests */ = {
			isa = PBXNativeTarget;
			buildConfigurationList = 491A0FE12C5EEF7100663570 /* Build configuration list for PBXNativeTarget "ADDemoTests" */;
			buildPhases = (
				491A0FC62C5EEF7100663570 /* Sources */,
				491A0FC72C5EEF7100663570 /* Frameworks */,
				491A0FC82C5EEF7100663570 /* Resources */,
			);
			buildRules = (
			);
			dependencies = (
				491A0FCC2C5EEF7100663570 /* PBXTargetDependency */,
			);
			name = ADDemoTests;
			productName = ADDemoTests;
			productReference = 491A0FCA2C5EEF7100663570 /* ADDemoTests.xctest */;
			productType = "com.apple.product-type.bundle.unit-test";
		};
		491A0FD32C5EEF7100663570 /* ADDemoUITests */ = {
			isa = PBXNativeTarget;
			buildConfigurationList = 491A0FE42C5EEF7100663570 /* Build configuration list for PBXNativeTarget "ADDemoUITests" */;
			buildPhases = (
				491A0FD02C5EEF7100663570 /* Sources */,
				491A0FD12C5EEF7100663570 /* Frameworks */,
				491A0FD22C5EEF7100663570 /* Resources */,
			);
			buildRules = (
			);
			dependencies = (
				491A0FD62C5EEF7100663570 /* PBXTargetDependency */,
			);
			name = ADDemoUITests;
			productName = ADDemoUITests;
			productReference = 491A0FD42C5EEF7100663570 /* ADDemoUITests.xctest */;
			productType = "com.apple.product-type.bundle.ui-testing";
		};
/* End PBXNativeTarget section */

/* Begin PBXProject section */
		491A0FB22C5EEF6F00663570 /* Project object */ = {
			isa = PBXProject;
			attributes = {
				BuildIndependentTargetsInParallel = 1;
				LastSwiftUpdateCheck = 1540;
				LastUpgradeCheck = 1540;
				TargetAttributes = {
					491A0FB92C5EEF6F00663570 = {
						CreatedOnToolsVersion = 15.4;
					};
					491A0FC92C5EEF7100663570 = {
						CreatedOnToolsVersion = 15.4;
						TestTargetID = 491A0FB92C5EEF6F00663570;
					};
					491A0FD32C5EEF7100663570 = {
						CreatedOnToolsVersion = 15.4;
						TestTargetID = 491A0FB92C5EEF6F00663570;
					};
				};
			};
			buildConfigurationList = 491A0FB52C5EEF6F00663570 /* Build configuration list for PBXProject "ADDemo" */;
			compatibilityVersion = "Xcode 14.0";
			developmentRegion = en;
			hasScannedForEncodings = 0;
			knownRegions = (
				en,
				Base,
			);
			mainGroup = 491A0FB12C5EEF6F00663570;
			productRefGroup = 491A0FBB2C5EEF6F00663570 /* Products */;
			projectDirPath = "";
			projectRoot = "";
			targets = (
				491A0FB92C5EEF6F00663570 /* ADDemo */,
				491A0FC92C5EEF7100663570 /* ADDemoTests */,
				491A0FD32C5EEF7100663570 /* ADDemoUITests */,
			);
		};
/* End PBXProject section */

/* Begin PBXResourcesBuildPhase section */
		491A0FB82C5EEF6F00663570 /* Resources */ = {
			isa = PBXResourcesBuildPhase;
			buildActionMask = 2147483647;
			files = (
				491A0FEF2C5EF36300663570 /* LaunchScreen.storyboard in Resources */,
				491A0FC52C5EEF7100663570 /* Preview Assets.xcassets in Resources */,
				491A0FC22C5EEF7100663570 /* Assets.xcassets in Resources */,
			);
			runOnlyForDeploymentPostprocessing = 0;
		};
		491A0FC82C5EEF7100663570 /* Resources */ = {
			isa = PBXResourcesBuildPhase;
			buildActionMask = 2147483647;
			files = (
			);
			runOnlyForDeploymentPostprocessing = 0;
		};
		491A0FD22C5EEF7100663570 /* Resources */ = {
			isa = PBXResourcesBuildPhase;
			buildActionMask = 2147483647;
			files = (
			);
			runOnlyForDeploymentPostprocessing = 0;
		};
/* End PBXResourcesBuildPhase section */

/* Begin PBXSourcesBuildPhase section */
		491A0FB62C5EEF6F00663570 /* Sources */ = {
			isa = PBXSourcesBuildPhase;
			buildActionMask = 2147483647;
			files = (
				491A10072C5F09CD00663570 /* DefaultArticleRepository.swift in Sources */,
				491A10192C5F483B00663570 /* NetworkMonitor.swift in Sources */,
				491A0FFD2C5EFF6600663570 /* APIEndpoint.swift in Sources */,
				49BD3FA32C5FDEFB0056D300 /* ArticleLocalEntity+CoreDataClass.swift in Sources */,
				49BD3FA42C5FDEFB0056D300 /* ArticleLocalEntity+CoreDataProperties.swift in Sources */,
				494B01252C608C1100CAAECB /* ArticleFilter.swift in Sources */,
				49BD3FA52C5FDEFB0056D300 /* DeleteArticleIDLocalEntity+CoreDataClass.swift in Sources */,
				49BD3FA62C5FDEFB0056D300 /* DeleteArticleIDLocalEntity+CoreDataProperties.swift in Sources */,
				491A100C2C5F0C5C00663570 /* ArticleResponse+Mapping.swift in Sources */,
				49BD3FB02C5FFEBF0056D300 /* SaveLocalArticlesUseCase.swift in Sources */,
				491A10212C5F50BD00663570 /* ADDemo.xcdatamodeld in Sources */,
				491A100F2C5F1D3400663570 /* Article+Extesion.swift in Sources */,
				491A10152C5F3BFD00663570 /* ArticlesViewModel.swift in Sources */,
				491A0FBE2C5EEF6F00663570 /* ADDemoApp.swift in Sources */,
				494B01202C6076D300CAAECB /* Date+Extension.swift in Sources */,
				491A0FF52C5EF82A00663570 /* ArticleRepository.swift in Sources */,
				49BD3FAC2C5FEEBE0056D300 /* ArticleLocalEntity+Mapping.swift in Sources */,
				491A0FFB2C5EFE0000663570 /* UrlConstant.swift in Sources */,
				49BD3FAE2C5FF0370056D300 /* GetLocalArticlesUseCase.swift in Sources */,
				491A101D2C5F4A8700663570 /* ArticlesDependenciesDummyFactory.swift in Sources */,
				49BD3FA82C5FE4E00056D300 /* LocalArticleRepository.swift in Sources */,
				494B01222C6082FF00CAAECB /* SaveDeletedArticleIdUseCase.swift in Sources */,
				491A10092C5F09F700663570 /* BaseRepository.swift in Sources */,
				491A10132C5F3BEA00663570 /* ArticlesListView.swift in Sources */,
				49BD3FB32C60383C0056D300 /* WebView.swift in Sources */,
				491A0FF82C5EFA4400663570 /* GetArticlesUseCase.swift in Sources */,
				491A101B2C5F4A5B00663570 /* ArticlesDependenciesFactory.swift in Sources */,
				49BD3FAA2C5FE5AB0056D300 /* DefaultLocalArticleRepository.swift in Sources */,
				491A10012C5F01EE00663570 /* HTTPStatusCode.swift in Sources */,
				491A0FFF2C5EFFF200663570 /* Client.swift in Sources */,
				491A0FF22C5EF75300663570 /* Article.swift in Sources */,
				491A10042C5F075400663570 /* ArticleResponse.swift in Sources */,
				49BD3F982C5FD65A0056D300 /* PersistenceController.swift in Sources */,
			);
			runOnlyForDeploymentPostprocessing = 0;
		};
		491A0FC62C5EEF7100663570 /* Sources */ = {
			isa = PBXSourcesBuildPhase;
			buildActionMask = 2147483647;
			files = (
				491A0FCF2C5EEF7100663570 /* ADDemoTests.swift in Sources */,
			);
			runOnlyForDeploymentPostprocessing = 0;
		};
		491A0FD02C5EEF7100663570 /* Sources */ = {
			isa = PBXSourcesBuildPhase;
			buildActionMask = 2147483647;
			files = (
				491A0FDB2C5EEF7100663570 /* ADDemoUITestsLaunchTests.swift in Sources */,
				491A0FD92C5EEF7100663570 /* ADDemoUITests.swift in Sources */,
			);
			runOnlyForDeploymentPostprocessing = 0;
		};
/* End PBXSourcesBuildPhase section */

/* Begin PBXTargetDependency section */
		491A0FCC2C5EEF7100663570 /* PBXTargetDependency */ = {
			isa = PBXTargetDependency;
			target = 491A0FB92C5EEF6F00663570 /* ADDemo */;
			targetProxy = 491A0FCB2C5EEF7100663570 /* PBXContainerItemProxy */;
		};
		491A0FD62C5EEF7100663570 /* PBXTargetDependency */ = {
			isa = PBXTargetDependency;
			target = 491A0FB92C5EEF6F00663570 /* ADDemo */;
			targetProxy = 491A0FD52C5EEF7100663570 /* PBXContainerItemProxy */;
		};
/* End PBXTargetDependency section */

/* Begin XCBuildConfiguration section */
		491A0FDC2C5EEF7100663570 /* Debug */ = {
			isa = XCBuildConfiguration;
			buildSettings = {
				ALWAYS_SEARCH_USER_PATHS = NO;
				ASSETCATALOG_COMPILER_GENERATE_SWIFT_ASSET_SYMBOL_EXTENSIONS = YES;
				CLANG_ANALYZER_NONNULL = YES;
				CLANG_ANALYZER_NUMBER_OBJECT_CONVERSION = YES_AGGRESSIVE;
				CLANG_CXX_LANGUAGE_STANDARD = "gnu++20";
				CLANG_ENABLE_MODULES = YES;
				CLANG_ENABLE_OBJC_ARC = YES;
				CLANG_ENABLE_OBJC_WEAK = YES;
				CLANG_WARN_BLOCK_CAPTURE_AUTORELEASING = YES;
				CLANG_WARN_BOOL_CONVERSION = YES;
				CLANG_WARN_COMMA = YES;
				CLANG_WARN_CONSTANT_CONVERSION = YES;
				CLANG_WARN_DEPRECATED_OBJC_IMPLEMENTATIONS = YES;
				CLANG_WARN_DIRECT_OBJC_ISA_USAGE = YES_ERROR;
				CLANG_WARN_DOCUMENTATION_COMMENTS = YES;
				CLANG_WARN_EMPTY_BODY = YES;
				CLANG_WARN_ENUM_CONVERSION = YES;
				CLANG_WARN_INFINITE_RECURSION = YES;
				CLANG_WARN_INT_CONVERSION = YES;
				CLANG_WARN_NON_LITERAL_NULL_CONVERSION = YES;
				CLANG_WARN_OBJC_IMPLICIT_RETAIN_SELF = YES;
				CLANG_WARN_OBJC_LITERAL_CONVERSION = YES;
				CLANG_WARN_OBJC_ROOT_CLASS = YES_ERROR;
				CLANG_WARN_QUOTED_INCLUDE_IN_FRAMEWORK_HEADER = YES;
				CLANG_WARN_RANGE_LOOP_ANALYSIS = YES;
				CLANG_WARN_STRICT_PROTOTYPES = YES;
				CLANG_WARN_SUSPICIOUS_MOVE = YES;
				CLANG_WARN_UNGUARDED_AVAILABILITY = YES_AGGRESSIVE;
				CLANG_WARN_UNREACHABLE_CODE = YES;
				CLANG_WARN__DUPLICATE_METHOD_MATCH = YES;
				COPY_PHASE_STRIP = NO;
				DEBUG_INFORMATION_FORMAT = dwarf;
				ENABLE_STRICT_OBJC_MSGSEND = YES;
				ENABLE_TESTABILITY = YES;
				ENABLE_USER_SCRIPT_SANDBOXING = YES;
				GCC_C_LANGUAGE_STANDARD = gnu17;
				GCC_DYNAMIC_NO_PIC = NO;
				GCC_NO_COMMON_BLOCKS = YES;
				GCC_OPTIMIZATION_LEVEL = 0;
				GCC_PREPROCESSOR_DEFINITIONS = (
					"DEBUG=1",
					"$(inherited)",
				);
				GCC_WARN_64_TO_32_BIT_CONVERSION = YES;
				GCC_WARN_ABOUT_RETURN_TYPE = YES_ERROR;
				GCC_WARN_UNDECLARED_SELECTOR = YES;
				GCC_WARN_UNINITIALIZED_AUTOS = YES_AGGRESSIVE;
				GCC_WARN_UNUSED_FUNCTION = YES;
				GCC_WARN_UNUSED_VARIABLE = YES;
				IPHONEOS_DEPLOYMENT_TARGET = 17.5;
				LOCALIZATION_PREFERS_STRING_CATALOGS = YES;
				MTL_ENABLE_DEBUG_INFO = INCLUDE_SOURCE;
				MTL_FAST_MATH = YES;
				ONLY_ACTIVE_ARCH = YES;
				SDKROOT = iphoneos;
				SWIFT_ACTIVE_COMPILATION_CONDITIONS = "DEBUG $(inherited)";
				SWIFT_OPTIMIZATION_LEVEL = "-Onone";
			};
			name = Debug;
		};
		491A0FDD2C5EEF7100663570 /* Release */ = {
			isa = XCBuildConfiguration;
			buildSettings = {
				ALWAYS_SEARCH_USER_PATHS = NO;
				ASSETCATALOG_COMPILER_GENERATE_SWIFT_ASSET_SYMBOL_EXTENSIONS = YES;
				CLANG_ANALYZER_NONNULL = YES;
				CLANG_ANALYZER_NUMBER_OBJECT_CONVERSION = YES_AGGRESSIVE;
				CLANG_CXX_LANGUAGE_STANDARD = "gnu++20";
				CLANG_ENABLE_MODULES = YES;
				CLANG_ENABLE_OBJC_ARC = YES;
				CLANG_ENABLE_OBJC_WEAK = YES;
				CLANG_WARN_BLOCK_CAPTURE_AUTORELEASING = YES;
				CLANG_WARN_BOOL_CONVERSION = YES;
				CLANG_WARN_COMMA = YES;
				CLANG_WARN_CONSTANT_CONVERSION = YES;
				CLANG_WARN_DEPRECATED_OBJC_IMPLEMENTATIONS = YES;
				CLANG_WARN_DIRECT_OBJC_ISA_USAGE = YES_ERROR;
				CLANG_WARN_DOCUMENTATION_COMMENTS = YES;
				CLANG_WARN_EMPTY_BODY = YES;
				CLANG_WARN_ENUM_CONVERSION = YES;
				CLANG_WARN_INFINITE_RECURSION = YES;
				CLANG_WARN_INT_CONVERSION = YES;
				CLANG_WARN_NON_LITERAL_NULL_CONVERSION = YES;
				CLANG_WARN_OBJC_IMPLICIT_RETAIN_SELF = YES;
				CLANG_WARN_OBJC_LITERAL_CONVERSION = YES;
				CLANG_WARN_OBJC_ROOT_CLASS = YES_ERROR;
				CLANG_WARN_QUOTED_INCLUDE_IN_FRAMEWORK_HEADER = YES;
				CLANG_WARN_RANGE_LOOP_ANALYSIS = YES;
				CLANG_WARN_STRICT_PROTOTYPES = YES;
				CLANG_WARN_SUSPICIOUS_MOVE = YES;
				CLANG_WARN_UNGUARDED_AVAILABILITY = YES_AGGRESSIVE;
				CLANG_WARN_UNREACHABLE_CODE = YES;
				CLANG_WARN__DUPLICATE_METHOD_MATCH = YES;
				COPY_PHASE_STRIP = NO;
				DEBUG_INFORMATION_FORMAT = "dwarf-with-dsym";
				ENABLE_NS_ASSERTIONS = NO;
				ENABLE_STRICT_OBJC_MSGSEND = YES;
				ENABLE_USER_SCRIPT_SANDBOXING = YES;
				GCC_C_LANGUAGE_STANDARD = gnu17;
				GCC_NO_COMMON_BLOCKS = YES;
				GCC_WARN_64_TO_32_BIT_CONVERSION = YES;
				GCC_WARN_ABOUT_RETURN_TYPE = YES_ERROR;
				GCC_WARN_UNDECLARED_SELECTOR = YES;
				GCC_WARN_UNINITIALIZED_AUTOS = YES_AGGRESSIVE;
				GCC_WARN_UNUSED_FUNCTION = YES;
				GCC_WARN_UNUSED_VARIABLE = YES;
				IPHONEOS_DEPLOYMENT_TARGET = 17.5;
				LOCALIZATION_PREFERS_STRING_CATALOGS = YES;
				MTL_ENABLE_DEBUG_INFO = NO;
				MTL_FAST_MATH = YES;
				SDKROOT = iphoneos;
				SWIFT_COMPILATION_MODE = wholemodule;
				VALIDATE_PRODUCT = YES;
			};
			name = Release;
		};
		491A0FDF2C5EEF7100663570 /* Debug */ = {
			isa = XCBuildConfiguration;
			buildSettings = {
				ASSETCATALOG_COMPILER_APPICON_NAME = AppIcon;
				ASSETCATALOG_COMPILER_GLOBAL_ACCENT_COLOR_NAME = AccentColor;
				CODE_SIGN_STYLE = Automatic;
				CURRENT_PROJECT_VERSION = 1;
				DEVELOPMENT_ASSET_PATHS = "\"ADDemo/Preview Content\"";
				DEVELOPMENT_TEAM = FJ869ZB2T8;
				ENABLE_PREVIEWS = YES;
				GENERATE_INFOPLIST_FILE = YES;
				INFOPLIST_KEY_UIApplicationSceneManifest_Generation = YES;
				INFOPLIST_KEY_UIApplicationSupportsIndirectInputEvents = YES;
				INFOPLIST_KEY_UILaunchScreen_Generation = YES;
				INFOPLIST_KEY_UILaunchStoryboardName = LaunchScreen.storyboard;
				INFOPLIST_KEY_UISupportedInterfaceOrientations_iPad = "UIInterfaceOrientationPortrait UIInterfaceOrientationPortraitUpsideDown UIInterfaceOrientationLandscapeLeft UIInterfaceOrientationLandscapeRight";
				INFOPLIST_KEY_UISupportedInterfaceOrientations_iPhone = "UIInterfaceOrientationPortrait UIInterfaceOrientationLandscapeLeft UIInterfaceOrientationLandscapeRight";
				IPHONEOS_DEPLOYMENT_TARGET = 17.0;
				LD_RUNPATH_SEARCH_PATHS = (
					"$(inherited)",
					"@executable_path/Frameworks",
				);
				MARKETING_VERSION = 1.0;
				PRODUCT_BUNDLE_IDENTIFIER = com.SergioRamirezPersonal.ADDemo;
				PRODUCT_NAME = "$(TARGET_NAME)";
				SWIFT_EMIT_LOC_STRINGS = YES;
				SWIFT_VERSION = 5.0;
				TARGETED_DEVICE_FAMILY = "1,2";
			};
			name = Debug;
		};
		491A0FE02C5EEF7100663570 /* Release */ = {
			isa = XCBuildConfiguration;
			buildSettings = {
				ASSETCATALOG_COMPILER_APPICON_NAME = AppIcon;
				ASSETCATALOG_COMPILER_GLOBAL_ACCENT_COLOR_NAME = AccentColor;
				CODE_SIGN_STYLE = Automatic;
				CURRENT_PROJECT_VERSION = 1;
				DEVELOPMENT_ASSET_PATHS = "\"ADDemo/Preview Content\"";
				DEVELOPMENT_TEAM = FJ869ZB2T8;
				ENABLE_PREVIEWS = YES;
				GENERATE_INFOPLIST_FILE = YES;
				INFOPLIST_KEY_UIApplicationSceneManifest_Generation = YES;
				INFOPLIST_KEY_UIApplicationSupportsIndirectInputEvents = YES;
				INFOPLIST_KEY_UILaunchScreen_Generation = YES;
				INFOPLIST_KEY_UILaunchStoryboardName = LaunchScreen.storyboard;
				INFOPLIST_KEY_UISupportedInterfaceOrientations_iPad = "UIInterfaceOrientationPortrait UIInterfaceOrientationPortraitUpsideDown UIInterfaceOrientationLandscapeLeft UIInterfaceOrientationLandscapeRight";
				INFOPLIST_KEY_UISupportedInterfaceOrientations_iPhone = "UIInterfaceOrientationPortrait UIInterfaceOrientationLandscapeLeft UIInterfaceOrientationLandscapeRight";
				IPHONEOS_DEPLOYMENT_TARGET = 17.0;
				LD_RUNPATH_SEARCH_PATHS = (
					"$(inherited)",
					"@executable_path/Frameworks",
				);
				MARKETING_VERSION = 1.0;
				PRODUCT_BUNDLE_IDENTIFIER = com.SergioRamirezPersonal.ADDemo;
				PRODUCT_NAME = "$(TARGET_NAME)";
				SWIFT_EMIT_LOC_STRINGS = YES;
				SWIFT_VERSION = 5.0;
				TARGETED_DEVICE_FAMILY = "1,2";
			};
			name = Release;
		};
		491A0FE22C5EEF7100663570 /* Debug */ = {
			isa = XCBuildConfiguration;
			buildSettings = {
				ALWAYS_EMBED_SWIFT_STANDARD_LIBRARIES = YES;
				BUNDLE_LOADER = "$(TEST_HOST)";
				CODE_SIGN_STYLE = Automatic;
				CURRENT_PROJECT_VERSION = 1;
				DEVELOPMENT_TEAM = FJ869ZB2T8;
				GENERATE_INFOPLIST_FILE = YES;
				IPHONEOS_DEPLOYMENT_TARGET = 17.5;
				MARKETING_VERSION = 1.0;
				PRODUCT_BUNDLE_IDENTIFIER = com.SergioRamirezPersonal.ADDemoTests;
				PRODUCT_NAME = "$(TARGET_NAME)";
				SWIFT_EMIT_LOC_STRINGS = NO;
				SWIFT_VERSION = 5.0;
				TARGETED_DEVICE_FAMILY = "1,2";
				TEST_HOST = "$(BUILT_PRODUCTS_DIR)/ADDemo.app/$(BUNDLE_EXECUTABLE_FOLDER_PATH)/ADDemo";
			};
			name = Debug;
		};
		491A0FE32C5EEF7100663570 /* Release */ = {
			isa = XCBuildConfiguration;
			buildSettings = {
				ALWAYS_EMBED_SWIFT_STANDARD_LIBRARIES = YES;
				BUNDLE_LOADER = "$(TEST_HOST)";
				CODE_SIGN_STYLE = Automatic;
				CURRENT_PROJECT_VERSION = 1;
				DEVELOPMENT_TEAM = FJ869ZB2T8;
				GENERATE_INFOPLIST_FILE = YES;
				IPHONEOS_DEPLOYMENT_TARGET = 17.5;
				MARKETING_VERSION = 1.0;
				PRODUCT_BUNDLE_IDENTIFIER = com.SergioRamirezPersonal.ADDemoTests;
				PRODUCT_NAME = "$(TARGET_NAME)";
				SWIFT_EMIT_LOC_STRINGS = NO;
				SWIFT_VERSION = 5.0;
				TARGETED_DEVICE_FAMILY = "1,2";
				TEST_HOST = "$(BUILT_PRODUCTS_DIR)/ADDemo.app/$(BUNDLE_EXECUTABLE_FOLDER_PATH)/ADDemo";
			};
			name = Release;
		};
		491A0FE52C5EEF7100663570 /* Debug */ = {
			isa = XCBuildConfiguration;
			buildSettings = {
				ALWAYS_EMBED_SWIFT_STANDARD_LIBRARIES = YES;
				CODE_SIGN_STYLE = Automatic;
				CURRENT_PROJECT_VERSION = 1;
				DEVELOPMENT_TEAM = FJ869ZB2T8;
				GENERATE_INFOPLIST_FILE = YES;
				MARKETING_VERSION = 1.0;
				PRODUCT_BUNDLE_IDENTIFIER = com.SergioRamirezPersonal.ADDemoUITests;
				PRODUCT_NAME = "$(TARGET_NAME)";
				SWIFT_EMIT_LOC_STRINGS = NO;
				SWIFT_VERSION = 5.0;
				TARGETED_DEVICE_FAMILY = "1,2";
				TEST_TARGET_NAME = ADDemo;
			};
			name = Debug;
		};
		491A0FE62C5EEF7100663570 /* Release */ = {
			isa = XCBuildConfiguration;
			buildSettings = {
				ALWAYS_EMBED_SWIFT_STANDARD_LIBRARIES = YES;
				CODE_SIGN_STYLE = Automatic;
				CURRENT_PROJECT_VERSION = 1;
				DEVELOPMENT_TEAM = FJ869ZB2T8;
				GENERATE_INFOPLIST_FILE = YES;
				MARKETING_VERSION = 1.0;
				PRODUCT_BUNDLE_IDENTIFIER = com.SergioRamirezPersonal.ADDemoUITests;
				PRODUCT_NAME = "$(TARGET_NAME)";
				SWIFT_EMIT_LOC_STRINGS = NO;
				SWIFT_VERSION = 5.0;
				TARGETED_DEVICE_FAMILY = "1,2";
				TEST_TARGET_NAME = ADDemo;
			};
			name = Release;
		};
/* End XCBuildConfiguration section */

/* Begin XCConfigurationList section */
		491A0FB52C5EEF6F00663570 /* Build configuration list for PBXProject "ADDemo" */ = {
			isa = XCConfigurationList;
			buildConfigurations = (
				491A0FDC2C5EEF7100663570 /* Debug */,
				491A0FDD2C5EEF7100663570 /* Release */,
			);
			defaultConfigurationIsVisible = 0;
			defaultConfigurationName = Release;
		};
		491A0FDE2C5EEF7100663570 /* Build configuration list for PBXNativeTarget "ADDemo" */ = {
			isa = XCConfigurationList;
			buildConfigurations = (
				491A0FDF2C5EEF7100663570 /* Debug */,
				491A0FE02C5EEF7100663570 /* Release */,
			);
			defaultConfigurationIsVisible = 0;
			defaultConfigurationName = Release;
		};
		491A0FE12C5EEF7100663570 /* Build configuration list for PBXNativeTarget "ADDemoTests" */ = {
			isa = XCConfigurationList;
			buildConfigurations = (
				491A0FE22C5EEF7100663570 /* Debug */,
				491A0FE32C5EEF7100663570 /* Release */,
			);
			defaultConfigurationIsVisible = 0;
			defaultConfigurationName = Release;
		};
		491A0FE42C5EEF7100663570 /* Build configuration list for PBXNativeTarget "ADDemoUITests" */ = {
			isa = XCConfigurationList;
			buildConfigurations = (
				491A0FE52C5EEF7100663570 /* Debug */,
				491A0FE62C5EEF7100663570 /* Release */,
			);
			defaultConfigurationIsVisible = 0;
			defaultConfigurationName = Release;
		};
/* End XCConfigurationList section */

/* Begin XCVersionGroup section */
		491A101F2C5F50BD00663570 /* ADDemo.xcdatamodeld */ = {
			isa = XCVersionGroup;
			children = (
				491A10202C5F50BD00663570 /* ADDemo.xcdatamodel */,
			);
			currentVersion = 491A10202C5F50BD00663570 /* ADDemo.xcdatamodel */;
			name = ADDemo.xcdatamodeld;
			path = /Users/sergio/Desktop/PruebaTecnicaApplyDigital/Demo/ApplyDigitalDemo/ADDemo/ADDemo/Data/PersistentStorage/ADDemo.xcdatamodeld;
			sourceTree = "<group>";
			versionGroupType = wrapper.xcdatamodel;
		};
/* End XCVersionGroup section */
	};
	rootObject = 491A0FB22C5EEF6F00663570 /* Project object */;
}
